
Microsoft Visual Studio Solution File, Format Version 12.00
# Visual Studio Version 16
VisualStudioVersion = 16.0.30717.126
MinimumVisualStudioVersion = 10.0.40219.1
Project("{9A19103F-16F7-4668-BE54-9A1E7A4F7556}") = "JewelryStore", "JewerlyStore\JewelryStore.csproj", "{D3E3837A-6464-4F27-97B9-B02DBE3C834C}"
EndProject
Project("{9A19103F-16F7-4668-BE54-9A1E7A4F7556}") = "JewelryStore.DataLayer", "JewelryStore.DataLayer\JewelryStore.DataLayer.csproj", "{4FC56B2A-30C5-4E6A-8C49-575147BAC2B8}"
EndProject
Project("{9A19103F-16F7-4668-BE54-9A1E7A4F7556}") = "JewelryStore.Services", "JewelryStore.Services\JewelryStore.Services.csproj", "{0ACD8406-E4F7-4F28-8527-CA843516ED16}"
EndProject
Project("{2150E333-8FDC-42A3-9474-1A3956D46DE8}") = "UnitTests", "UnitTests", "{62D86B2F-B801-4B56-B56A-FC3E3B02F9BF}"
EndProject
Project("{9A19103F-16F7-4668-BE54-9A1E7A4F7556}") = "JewelryStore.Service.Tests", "UnitTests\JewelryStore.Service.Tests\JewelryStore.Service.Tests.csproj", "{182207BC-74FA-45BC-8FDB-A2751816998B}"
EndProject
Project("{9A19103F-16F7-4668-BE54-9A1E7A4F7556}") = "JewelryStore.DataLayer.Tests", "UnitTests\JewelryStore.DataLayer.Tests\JewelryStore.DataLayer.Tests.csproj", "{ACA9B05A-03ED-4F7C-9025-8C475E2C8C1D}"
EndProject
Project("{FAE04EC0-301F-11D3-BF4B-00C04F79EFBC}") = "JewelryStore.Tests", "UnitTests\JewelryStore.Tests\JewelryStore.Tests.csproj", "{3823DEBA-CFDA-48C1-A553-6C745CB35150}"
EndProject
Global
	GlobalSection(SolutionConfigurationPlatforms) = preSolution
		Debug|Any CPU = Debug|Any CPU
		Release|Any CPU = Release|Any CPU
	EndGlobalSection
	GlobalSection(ProjectConfigurationPlatforms) = postSolution
		{D3E3837A-6464-4F27-97B9-B02DBE3C834C}.Debug|Any CPU.ActiveCfg = Debug|Any CPU
		{D3E3837A-6464-4F27-97B9-B02DBE3C834C}.Debug|Any CPU.Build.0 = Debug|Any CPU
		{D3E3837A-6464-4F27-97B9-B02DBE3C834C}.Release|Any CPU.ActiveCfg = Release|Any CPU
		{D3E3837A-6464-4F27-97B9-B02DBE3C834C}.Release|Any CPU.Build.0 = Release|Any CPU
		{4FC56B2A-30C5-4E6A-8C49-575147BAC2B8}.Debug|Any CPU.ActiveCfg = Debug|Any CPU
		{4FC56B2A-30C5-4E6A-8C49-575147BAC2B8}.Debug|Any CPU.Build.0 = Debug|Any CPU
		{4FC56B2A-30C5-4E6A-8C49-575147BAC2B8}.Release|Any CPU.ActiveCfg = Release|Any CPU
		{4FC56B2A-30C5-4E6A-8C49-575147BAC2B8}.Release|Any CPU.Build.0 = Release|Any CPU
		{0ACD8406-E4F7-4F28-8527-CA843516ED16}.Debug|Any CPU.ActiveCfg = Debug|Any CPU
		{0ACD8406-E4F7-4F28-8527-CA843516ED16}.Debug|Any CPU.Build.0 = Debug|Any CPU
		{0ACD8406-E4F7-4F28-8527-CA843516ED16}.Release|Any CPU.ActiveCfg = Release|Any CPU
		{0ACD8406-E4F7-4F28-8527-CA843516ED16}.Release|Any CPU.Build.0 = Release|Any CPU
		{182207BC-74FA-45BC-8FDB-A2751816998B}.Debug|Any CPU.ActiveCfg = Debug|Any CPU
		{182207BC-74FA-45BC-8FDB-A2751816998B}.Debug|Any CPU.Build.0 = Debug|Any CPU
		{182207BC-74FA-45BC-8FDB-A2751816998B}.Release|Any CPU.ActiveCfg = Release|Any CPU
		{182207BC-74FA-45BC-8FDB-A2751816998B}.Release|Any CPU.Build.0 = Release|Any CPU
		{ACA9B05A-03ED-4F7C-9025-8C475E2C8C1D}.Debug|Any CPU.ActiveCfg = Debug|Any CPU
		{ACA9B05A-03ED-4F7C-9025-8C475E2C8C1D}.Debug|Any CPU.Build.0 = Debug|Any CPU
		{ACA9B05A-03ED-4F7C-9025-8C475E2C8C1D}.Release|Any CPU.ActiveCfg = Release|Any CPU
		{ACA9B05A-03ED-4F7C-9025-8C475E2C8C1D}.Release|Any CPU.Build.0 = Release|Any CPU
		{3823DEBA-CFDA-48C1-A553-6C745CB35150}.Debug|Any CPU.ActiveCfg = Debug|Any CPU
		{3823DEBA-CFDA-48C1-A553-6C745CB35150}.Debug|Any CPU.Build.0 = Debug|Any CPU
		{3823DEBA-CFDA-48C1-A553-6C745CB35150}.Release|Any CPU.ActiveCfg = Release|Any CPU
		{3823DEBA-CFDA-48C1-A553-6C745CB35150}.Release|Any CPU.Build.0 = Release|Any CPU
	EndGlobalSection
	GlobalSection(SolutionProperties) = preSolution
		HideSolutionNode = FALSE
	EndGlobalSection
	GlobalSection(NestedProjects) = preSolution
		{182207BC-74FA-45BC-8FDB-A2751816998B} = {62D86B2F-B801-4B56-B56A-FC3E3B02F9BF}
		{ACA9B05A-03ED-4F7C-9025-8C475E2C8C1D} = {62D86B2F-B801-4B56-B56A-FC3E3B02F9BF}
		{3823DEBA-CFDA-48C1-A553-6C745CB35150} = {62D86B2F-B801-4B56-B56A-FC3E3B02F9BF}
	EndGlobalSection
	GlobalSection(ExtensibilityGlobals) = postSolution
		SolutionGuid = {4093DED3-36AF-4D05-B33A-B17AD738B92A}
	EndGlobalSection
EndGlobal
